
Microsoft Visual Studio Solution File, Format Version 12.00
# Visual Studio 15
VisualStudioVersion = 15.0.27004.2010
MinimumVisualStudioVersion = 10.0.40219.1
Project("{2150E333-8FDC-42A3-9474-1A3956D46DE8}") = "src", "src", "{E048D213-B3B9-453F-9A41-29FDEB0D496B}"
EndProject
Project("{2150E333-8FDC-42A3-9474-1A3956D46DE8}") = "test", "test", "{1F113DD0-E292-47A5-8EFF-3FB5D0869BF3}"
EndProject
Project("{9A19103F-16F7-4668-BE54-9A1E7A4F7556}") = "OpenCvSharp.Tests", "test\OpenCvSharp.Tests\OpenCvSharp.Tests.csproj", "{FFBBCF99-97F0-4F81-AAF6-8D851A8E1D2E}"
EndProject
Project("{8BC9CEB8-8B4A-11D0-8D11-00A0C91BC942}") = "OpenCvSharpExtern", "src\OpenCvSharpExtern\OpenCvSharpExtern.vcxproj", "{8E7279F8-F801-4672-B42F-1ED2C68B16A4}"
EndProject
Project("{8BC9CEB8-8B4A-11D0-8D11-00A0C91BC942}") = "OpenCvSharpExternDroid", "src\OpenCvSharpExternDroid\OpenCvSharpExternDroid.vcxproj", "{707296F9-6AEF-4548-A66D-4CF3E5795B1A}"
EndProject
Project("{FAE04EC0-301F-11D3-BF4B-00C04F79EFBC}") = "OpenCvSharp.Tests.Android", "test\OpenCvSharp.Tests.Android\OpenCvSharp.Tests.Android.csproj", "{470F48FC-8520-4017-B5AC-658B7791DAA3}"
EndProject
Project("{FAE04EC0-301F-11D3-BF4B-00C04F79EFBC}") = "OpenCvSharp", "src\OpenCvSharp\OpenCvSharp.csproj", "{658C140F-2E73-4E22-80A7-F05DF0A83318}"
EndProject
Project("{FAE04EC0-301F-11D3-BF4B-00C04F79EFBC}") = "OpenCvSharp.Android", "src\OpenCvSharp.Android\OpenCvSharp.Android.csproj", "{F94F9E8A-E239-45EA-9C61-C7855C8B6F25}"
	ProjectSection(ProjectDependencies) = postProject
		{707296F9-6AEF-4548-A66D-4CF3E5795B1A} = {707296F9-6AEF-4548-A66D-4CF3E5795B1A}
	EndProjectSection
EndProject
Project("{FAE04EC0-301F-11D3-BF4B-00C04F79EFBC}") = "OpenCvSharp.Windows", "src\OpenCvSharp.Windows\OpenCvSharp.Windows.csproj", "{D7856971-D877-4CB1-A08C-C2A763EBFAD1}"
	ProjectSection(ProjectDependencies) = postProject
		{8E7279F8-F801-4672-B42F-1ED2C68B16A4} = {8E7279F8-F801-4672-B42F-1ED2C68B16A4}
	EndProjectSection
EndProject
Project("{FAE04EC0-301F-11D3-BF4B-00C04F79EFBC}") = "OpenCvSharp.Tests.Windows", "test\OpenCvSharp.Tests.Windows\OpenCvSharp.Tests.Windows.csproj", "{B5323A43-58C7-4006-BEEC-E315CABA3673}"
EndProject
Project("{8BC9CEB8-8B4A-11D0-8D11-00A0C91BC942}") = "OpenCvSharp.Tests.Cshit", "src\OpenCvSharp.Tests.Cshit\OpenCvSharp.Tests.Cshit.vcxproj", "{786EEB0D-2560-4B54-949F-114836A4EB9A}"
EndProject
Global
	GlobalSection(SolutionConfigurationPlatforms) = preSolution
		Debug|Android = Debug|Android
		Debug|ARM = Debug|ARM
		Debug|ARM64 = Debug|ARM64
		Debug|Win_x64 = Debug|Win_x64
		Debug|x64 = Debug|x64
		Debug|x86 = Debug|x86
		Release|Android = Release|Android
		Release|ARM = Release|ARM
		Release|ARM64 = Release|ARM64
		Release|Win_x64 = Release|Win_x64
		Release|x64 = Release|x64
		Release|x86 = Release|x86
	EndGlobalSection
	GlobalSection(ProjectConfigurationPlatforms) = postSolution
		{FFBBCF99-97F0-4F81-AAF6-8D851A8E1D2E}.Debug|Android.ActiveCfg = Debug|Any CPU
		{FFBBCF99-97F0-4F81-AAF6-8D851A8E1D2E}.Debug|ARM.ActiveCfg = Debug|Any CPU
		{FFBBCF99-97F0-4F81-AAF6-8D851A8E1D2E}.Debug|ARM64.ActiveCfg = Debug|Any CPU
		{FFBBCF99-97F0-4F81-AAF6-8D851A8E1D2E}.Debug|Win_x64.ActiveCfg = Debug|x64
		{FFBBCF99-97F0-4F81-AAF6-8D851A8E1D2E}.Debug|Win_x64.Build.0 = Debug|x64
		{FFBBCF99-97F0-4F81-AAF6-8D851A8E1D2E}.Debug|x64.ActiveCfg = Debug|Any CPU
		{FFBBCF99-97F0-4F81-AAF6-8D851A8E1D2E}.Debug|x86.ActiveCfg = Debug|Any CPU
		{FFBBCF99-97F0-4F81-AAF6-8D851A8E1D2E}.Release|Android.ActiveCfg = Release|Any CPU
		{FFBBCF99-97F0-4F81-AAF6-8D851A8E1D2E}.Release|ARM.ActiveCfg = Release|Any CPU
		{FFBBCF99-97F0-4F81-AAF6-8D851A8E1D2E}.Release|ARM64.ActiveCfg = Release|Any CPU
		{FFBBCF99-97F0-4F81-AAF6-8D851A8E1D2E}.Release|Win_x64.ActiveCfg = Release|Any CPU
		{FFBBCF99-97F0-4F81-AAF6-8D851A8E1D2E}.Release|Win_x64.Build.0 = Release|Any CPU
		{FFBBCF99-97F0-4F81-AAF6-8D851A8E1D2E}.Release|x64.ActiveCfg = Release|Any CPU
		{FFBBCF99-97F0-4F81-AAF6-8D851A8E1D2E}.Release|x86.ActiveCfg = Release|Any CPU
		{8E7279F8-F801-4672-B42F-1ED2C68B16A4}.Debug|Android.ActiveCfg = Release|Win32
		{8E7279F8-F801-4672-B42F-1ED2C68B16A4}.Debug|ARM.ActiveCfg = Release|Win32
		{8E7279F8-F801-4672-B42F-1ED2C68B16A4}.Debug|ARM64.ActiveCfg = Release|Win32
		{8E7279F8-F801-4672-B42F-1ED2C68B16A4}.Debug|Win_x64.ActiveCfg = Release|x64
		{8E7279F8-F801-4672-B42F-1ED2C68B16A4}.Debug|Win_x64.Build.0 = Release|x64
		{8E7279F8-F801-4672-B42F-1ED2C68B16A4}.Debug|x64.ActiveCfg = Release|x64
		{8E7279F8-F801-4672-B42F-1ED2C68B16A4}.Debug|x86.ActiveCfg = Release|Win32
		{8E7279F8-F801-4672-B42F-1ED2C68B16A4}.Release|Android.ActiveCfg = Release|Win32
		{8E7279F8-F801-4672-B42F-1ED2C68B16A4}.Release|ARM.ActiveCfg = Release|Win32
		{8E7279F8-F801-4672-B42F-1ED2C68B16A4}.Release|ARM64.ActiveCfg = Release|Win32
		{8E7279F8-F801-4672-B42F-1ED2C68B16A4}.Release|Win_x64.ActiveCfg = Release|x64
		{8E7279F8-F801-4672-B42F-1ED2C68B16A4}.Release|Win_x64.Build.0 = Release|x64
		{8E7279F8-F801-4672-B42F-1ED2C68B16A4}.Release|x64.ActiveCfg = Release|x64
		{8E7279F8-F801-4672-B42F-1ED2C68B16A4}.Release|x86.ActiveCfg = Release|Win32
		{707296F9-6AEF-4548-A66D-4CF3E5795B1A}.Debug|Android.ActiveCfg = Release|ARM
		{707296F9-6AEF-4548-A66D-4CF3E5795B1A}.Debug|ARM.ActiveCfg = Release|ARM
		{707296F9-6AEF-4548-A66D-4CF3E5795B1A}.Debug|ARM.Build.0 = Release|ARM
		{707296F9-6AEF-4548-A66D-4CF3E5795B1A}.Debug|ARM64.ActiveCfg = Release|ARM64
		{707296F9-6AEF-4548-A66D-4CF3E5795B1A}.Debug|ARM64.Build.0 = Release|ARM64
		{707296F9-6AEF-4548-A66D-4CF3E5795B1A}.Debug|Win_x64.ActiveCfg = Release|x64
		{707296F9-6AEF-4548-A66D-4CF3E5795B1A}.Debug|x64.ActiveCfg = Release|x64
		{707296F9-6AEF-4548-A66D-4CF3E5795B1A}.Debug|x64.Build.0 = Release|x64
		{707296F9-6AEF-4548-A66D-4CF3E5795B1A}.Debug|x86.ActiveCfg = Release|x86
		{707296F9-6AEF-4548-A66D-4CF3E5795B1A}.Debug|x86.Build.0 = Release|x86
		{707296F9-6AEF-4548-A66D-4CF3E5795B1A}.Release|Android.ActiveCfg = Release|ARM
		{707296F9-6AEF-4548-A66D-4CF3E5795B1A}.Release|ARM.ActiveCfg = Release|ARM
		{707296F9-6AEF-4548-A66D-4CF3E5795B1A}.Release|ARM.Build.0 = Release|ARM
		{707296F9-6AEF-4548-A66D-4CF3E5795B1A}.Release|ARM64.ActiveCfg = Release|ARM64
		{707296F9-6AEF-4548-A66D-4CF3E5795B1A}.Release|ARM64.Build.0 = Release|ARM64
		{707296F9-6AEF-4548-A66D-4CF3E5795B1A}.Release|Win_x64.ActiveCfg = Release|x64
		{707296F9-6AEF-4548-A66D-4CF3E5795B1A}.Release|x64.ActiveCfg = Release|x64
		{707296F9-6AEF-4548-A66D-4CF3E5795B1A}.Release|x64.Build.0 = Release|x64
		{707296F9-6AEF-4548-A66D-4CF3E5795B1A}.Release|x86.ActiveCfg = Release|x86
		{707296F9-6AEF-4548-A66D-4CF3E5795B1A}.Release|x86.Build.0 = Release|x86
		{470F48FC-8520-4017-B5AC-658B7791DAA3}.Debug|Android.ActiveCfg = Debug|Any CPU
		{470F48FC-8520-4017-B5AC-658B7791DAA3}.Debug|Android.Build.0 = Debug|Any CPU
		{470F48FC-8520-4017-B5AC-658B7791DAA3}.Debug|Android.Deploy.0 = Debug|Any CPU
		{470F48FC-8520-4017-B5AC-658B7791DAA3}.Debug|ARM.ActiveCfg = Debug|Any CPU
		{470F48FC-8520-4017-B5AC-658B7791DAA3}.Debug|ARM.Build.0 = Debug|Any CPU
		{470F48FC-8520-4017-B5AC-658B7791DAA3}.Debug|ARM.Deploy.0 = Debug|Any CPU
		{470F48FC-8520-4017-B5AC-658B7791DAA3}.Debug|ARM64.ActiveCfg = Release|Any CPU
		{470F48FC-8520-4017-B5AC-658B7791DAA3}.Debug|ARM64.Build.0 = Release|Any CPU
		{470F48FC-8520-4017-B5AC-658B7791DAA3}.Debug|ARM64.Deploy.0 = Release|Any CPU
		{470F48FC-8520-4017-B5AC-658B7791DAA3}.Debug|Win_x64.ActiveCfg = Debug|Any CPU
		{470F48FC-8520-4017-B5AC-658B7791DAA3}.Debug|x64.ActiveCfg = Debug|Any CPU
		{470F48FC-8520-4017-B5AC-658B7791DAA3}.Debug|x64.Build.0 = Debug|Any CPU
		{470F48FC-8520-4017-B5AC-658B7791DAA3}.Debug|x64.Deploy.0 = Debug|Any CPU
		{470F48FC-8520-4017-B5AC-658B7791DAA3}.Debug|x86.ActiveCfg = Debug|Any CPU
		{470F48FC-8520-4017-B5AC-658B7791DAA3}.Debug|x86.Build.0 = Debug|Any CPU
		{470F48FC-8520-4017-B5AC-658B7791DAA3}.Debug|x86.Deploy.0 = Debug|Any CPU
		{470F48FC-8520-4017-B5AC-658B7791DAA3}.Release|Android.ActiveCfg = Release|Any CPU
		{470F48FC-8520-4017-B5AC-658B7791DAA3}.Release|Android.Build.0 = Release|Any CPU
		{470F48FC-8520-4017-B5AC-658B7791DAA3}.Release|Android.Deploy.0 = Release|Any CPU
		{470F48FC-8520-4017-B5AC-658B7791DAA3}.Release|ARM.ActiveCfg = Release|Any CPU
		{470F48FC-8520-4017-B5AC-658B7791DAA3}.Release|ARM.Build.0 = Release|Any CPU
		{470F48FC-8520-4017-B5AC-658B7791DAA3}.Release|ARM.Deploy.0 = Release|Any CPU
		{470F48FC-8520-4017-B5AC-658B7791DAA3}.Release|ARM64.ActiveCfg = Release|Any CPU
		{470F48FC-8520-4017-B5AC-658B7791DAA3}.Release|ARM64.Build.0 = Release|Any CPU
		{470F48FC-8520-4017-B5AC-658B7791DAA3}.Release|ARM64.Deploy.0 = Release|Any CPU
		{470F48FC-8520-4017-B5AC-658B7791DAA3}.Release|Win_x64.ActiveCfg = Release|Any CPU
		{470F48FC-8520-4017-B5AC-658B7791DAA3}.Release|x64.ActiveCfg = Release|Any CPU
		{470F48FC-8520-4017-B5AC-658B7791DAA3}.Release|x64.Build.0 = Release|Any CPU
		{470F48FC-8520-4017-B5AC-658B7791DAA3}.Release|x64.Deploy.0 = Release|Any CPU
		{470F48FC-8520-4017-B5AC-658B7791DAA3}.Release|x86.ActiveCfg = Release|Any CPU
		{470F48FC-8520-4017-B5AC-658B7791DAA3}.Release|x86.Build.0 = Release|Any CPU
		{470F48FC-8520-4017-B5AC-658B7791DAA3}.Release|x86.Deploy.0 = Release|Any CPU
		{658C140F-2E73-4E22-80A7-F05DF0A83318}.Debug|Android.ActiveCfg = Debug|Any CPU
		{658C140F-2E73-4E22-80A7-F05DF0A83318}.Debug|Android.Build.0 = Debug|Any CPU
		{658C140F-2E73-4E22-80A7-F05DF0A83318}.Debug|ARM.ActiveCfg = Debug|Any CPU
		{658C140F-2E73-4E22-80A7-F05DF0A83318}.Debug|ARM.Build.0 = Debug|Any CPU
		{658C140F-2E73-4E22-80A7-F05DF0A83318}.Debug|ARM64.ActiveCfg = Release|Any CPU
		{658C140F-2E73-4E22-80A7-F05DF0A83318}.Debug|ARM64.Build.0 = Release|Any CPU
		{658C140F-2E73-4E22-80A7-F05DF0A83318}.Debug|Win_x64.ActiveCfg = Debug|Any CPU
		{658C140F-2E73-4E22-80A7-F05DF0A83318}.Debug|Win_x64.Build.0 = Debug|Any CPU
		{658C140F-2E73-4E22-80A7-F05DF0A83318}.Debug|x64.ActiveCfg = Debug|Any CPU
		{658C140F-2E73-4E22-80A7-F05DF0A83318}.Debug|x64.Build.0 = Debug|Any CPU
		{658C140F-2E73-4E22-80A7-F05DF0A83318}.Debug|x86.ActiveCfg = Debug|Any CPU
		{658C140F-2E73-4E22-80A7-F05DF0A83318}.Debug|x86.Build.0 = Debug|Any CPU
		{658C140F-2E73-4E22-80A7-F05DF0A83318}.Release|Android.ActiveCfg = Release|Any CPU
		{658C140F-2E73-4E22-80A7-F05DF0A83318}.Release|Android.Build.0 = Release|Any CPU
		{658C140F-2E73-4E22-80A7-F05DF0A83318}.Release|ARM.ActiveCfg = Release|Any CPU
		{658C140F-2E73-4E22-80A7-F05DF0A83318}.Release|ARM.Build.0 = Release|Any CPU
		{658C140F-2E73-4E22-80A7-F05DF0A83318}.Release|ARM64.ActiveCfg = Release|Any CPU
		{658C140F-2E73-4E22-80A7-F05DF0A83318}.Release|ARM64.Build.0 = Release|Any CPU
		{658C140F-2E73-4E22-80A7-F05DF0A83318}.Release|Win_x64.ActiveCfg = Release|Any CPU
		{658C140F-2E73-4E22-80A7-F05DF0A83318}.Release|Win_x64.Build.0 = Release|Any CPU
		{658C140F-2E73-4E22-80A7-F05DF0A83318}.Release|x64.ActiveCfg = Release|Any CPU
		{658C140F-2E73-4E22-80A7-F05DF0A83318}.Release|x64.Build.0 = Release|Any CPU
		{658C140F-2E73-4E22-80A7-F05DF0A83318}.Release|x86.ActiveCfg = Release|Any CPU
		{658C140F-2E73-4E22-80A7-F05DF0A83318}.Release|x86.Build.0 = Release|Any CPU
		{F94F9E8A-E239-45EA-9C61-C7855C8B6F25}.Debug|Android.ActiveCfg = Debug|Any CPU
		{F94F9E8A-E239-45EA-9C61-C7855C8B6F25}.Debug|Android.Build.0 = Debug|Any CPU
		{F94F9E8A-E239-45EA-9C61-C7855C8B6F25}.Debug|ARM.ActiveCfg = Debug|Any CPU
		{F94F9E8A-E239-45EA-9C61-C7855C8B6F25}.Debug|ARM.Build.0 = Debug|Any CPU
		{F94F9E8A-E239-45EA-9C61-C7855C8B6F25}.Debug|ARM64.ActiveCfg = Release|Any CPU
		{F94F9E8A-E239-45EA-9C61-C7855C8B6F25}.Debug|ARM64.Build.0 = Release|Any CPU
		{F94F9E8A-E239-45EA-9C61-C7855C8B6F25}.Debug|Win_x64.ActiveCfg = Debug|Any CPU
		{F94F9E8A-E239-45EA-9C61-C7855C8B6F25}.Debug|x64.ActiveCfg = Debug|Any CPU
		{F94F9E8A-E239-45EA-9C61-C7855C8B6F25}.Debug|x64.Build.0 = Debug|Any CPU
		{F94F9E8A-E239-45EA-9C61-C7855C8B6F25}.Debug|x86.ActiveCfg = Debug|Any CPU
		{F94F9E8A-E239-45EA-9C61-C7855C8B6F25}.Debug|x86.Build.0 = Debug|Any CPU
		{F94F9E8A-E239-45EA-9C61-C7855C8B6F25}.Release|Android.ActiveCfg = Release|Any CPU
		{F94F9E8A-E239-45EA-9C61-C7855C8B6F25}.Release|Android.Build.0 = Release|Any CPU
		{F94F9E8A-E239-45EA-9C61-C7855C8B6F25}.Release|ARM.ActiveCfg = Release|Any CPU
		{F94F9E8A-E239-45EA-9C61-C7855C8B6F25}.Release|ARM.Build.0 = Release|Any CPU
		{F94F9E8A-E239-45EA-9C61-C7855C8B6F25}.Release|ARM64.ActiveCfg = Release|Any CPU
		{F94F9E8A-E239-45EA-9C61-C7855C8B6F25}.Release|ARM64.Build.0 = Release|Any CPU
		{F94F9E8A-E239-45EA-9C61-C7855C8B6F25}.Release|Win_x64.ActiveCfg = Release|Any CPU
		{F94F9E8A-E239-45EA-9C61-C7855C8B6F25}.Release|x64.ActiveCfg = Release|Any CPU
		{F94F9E8A-E239-45EA-9C61-C7855C8B6F25}.Release|x64.Build.0 = Release|Any CPU
		{F94F9E8A-E239-45EA-9C61-C7855C8B6F25}.Release|x86.ActiveCfg = Release|Any CPU
		{F94F9E8A-E239-45EA-9C61-C7855C8B6F25}.Release|x86.Build.0 = Release|Any CPU
		{D7856971-D877-4CB1-A08C-C2A763EBFAD1}.Debug|Android.ActiveCfg = Debug|Any CPU
		{D7856971-D877-4CB1-A08C-C2A763EBFAD1}.Debug|ARM.ActiveCfg = Debug|Any CPU
		{D7856971-D877-4CB1-A08C-C2A763EBFAD1}.Debug|ARM64.ActiveCfg = Debug|Any CPU
		{D7856971-D877-4CB1-A08C-C2A763EBFAD1}.Debug|Win_x64.ActiveCfg = Debug|x64
		{D7856971-D877-4CB1-A08C-C2A763EBFAD1}.Debug|Win_x64.Build.0 = Debug|x64
		{D7856971-D877-4CB1-A08C-C2A763EBFAD1}.Debug|x64.ActiveCfg = Debug|Any CPU
		{D7856971-D877-4CB1-A08C-C2A763EBFAD1}.Debug|x86.ActiveCfg = Debug|Any CPU
		{D7856971-D877-4CB1-A08C-C2A763EBFAD1}.Release|Android.ActiveCfg = Release|Any CPU
		{D7856971-D877-4CB1-A08C-C2A763EBFAD1}.Release|ARM.ActiveCfg = Release|Any CPU
		{D7856971-D877-4CB1-A08C-C2A763EBFAD1}.Release|ARM64.ActiveCfg = Release|Any CPU
		{D7856971-D877-4CB1-A08C-C2A763EBFAD1}.Release|Win_x64.ActiveCfg = Release|x64
		{D7856971-D877-4CB1-A08C-C2A763EBFAD1}.Release|Win_x64.Build.0 = Release|x64
		{D7856971-D877-4CB1-A08C-C2A763EBFAD1}.Release|x64.ActiveCfg = Release|Any CPU
		{D7856971-D877-4CB1-A08C-C2A763EBFAD1}.Release|x86.ActiveCfg = Release|Any CPU
		{B5323A43-58C7-4006-BEEC-E315CABA3673}.Debug|Android.ActiveCfg = Debug|Any CPU
		{B5323A43-58C7-4006-BEEC-E315CABA3673}.Debug|ARM.ActiveCfg = Debug|Any CPU
		{B5323A43-58C7-4006-BEEC-E315CABA3673}.Debug|ARM64.ActiveCfg = Debug|Any CPU
		{B5323A43-58C7-4006-BEEC-E315CABA3673}.Debug|Win_x64.ActiveCfg = Debug|x64
		{B5323A43-58C7-4006-BEEC-E315CABA3673}.Debug|Win_x64.Build.0 = Debug|x64
		{B5323A43-58C7-4006-BEEC-E315CABA3673}.Debug|x64.ActiveCfg = Debug|Any CPU
		{B5323A43-58C7-4006-BEEC-E315CABA3673}.Debug|x86.ActiveCfg = Debug|Any CPU
		{B5323A43-58C7-4006-BEEC-E315CABA3673}.Release|Android.ActiveCfg = Release|Any CPU
		{B5323A43-58C7-4006-BEEC-E315CABA3673}.Release|ARM.ActiveCfg = Release|Any CPU
		{B5323A43-58C7-4006-BEEC-E315CABA3673}.Release|ARM64.ActiveCfg = Release|Any CPU
		{B5323A43-58C7-4006-BEEC-E315CABA3673}.Release|Win_x64.ActiveCfg = Release|x64
		{B5323A43-58C7-4006-BEEC-E315CABA3673}.Release|Win_x64.Build.0 = Release|x64
		{B5323A43-58C7-4006-BEEC-E315CABA3673}.Release|x64.ActiveCfg = Release|Any CPU
		{B5323A43-58C7-4006-BEEC-E315CABA3673}.Release|x86.ActiveCfg = Release|Any CPU
		{786EEB0D-2560-4B54-949F-114836A4EB9A}.Debug|Android.ActiveCfg = Debug|Win32
		{786EEB0D-2560-4B54-949F-114836A4EB9A}.Debug|ARM.ActiveCfg = Debug|Win32
		{786EEB0D-2560-4B54-949F-114836A4EB9A}.Debug|ARM64.ActiveCfg = Debug|Win32
		{786EEB0D-2560-4B54-949F-114836A4EB9A}.Debug|Win_x64.ActiveCfg = Debug|x64
		{786EEB0D-2560-4B54-949F-114836A4EB9A}.Debug|Win_x64.Build.0 = Debug|x64
		{786EEB0D-2560-4B54-949F-114836A4EB9A}.Debug|x64.ActiveCfg = Debug|x64
		{786EEB0D-2560-4B54-949F-114836A4EB9A}.Debug|x64.Build.0 = Debug|x64
		{786EEB0D-2560-4B54-949F-114836A4EB9A}.Debug|x86.ActiveCfg = Debug|Win32
		{786EEB0D-2560-4B54-949F-114836A4EB9A}.Debug|x86.Build.0 = Debug|Win32
		{786EEB0D-2560-4B54-949F-114836A4EB9A}.Release|Android.ActiveCfg = Release|Win32
		{786EEB0D-2560-4B54-949F-114836A4EB9A}.Release|ARM.ActiveCfg = Release|Win32
		{786EEB0D-2560-4B54-949F-114836A4EB9A}.Release|ARM64.ActiveCfg = Release|Win32
		{786EEB0D-2560-4B54-949F-114836A4EB9A}.Release|Win_x64.ActiveCfg = Release|x64
		{786EEB0D-2560-4B54-949F-114836A4EB9A}.Release|Win_x64.Build.0 = Release|x64
		{786EEB0D-2560-4B54-949F-114836A4EB9A}.Release|x64.ActiveCfg = Release|x64
		{786EEB0D-2560-4B54-949F-114836A4EB9A}.Release|x64.Build.0 = Release|x64
		{786EEB0D-2560-4B54-949F-114836A4EB9A}.Release|x86.ActiveCfg = Release|Win32
		{786EEB0D-2560-4B54-949F-114836A4EB9A}.Release|x86.Build.0 = Release|Win32
	EndGlobalSection
	GlobalSection(SolutionProperties) = preSolution
		HideSolutionNode = FALSE
	EndGlobalSection
	GlobalSection(NestedProjects) = preSolution
		{FFBBCF99-97F0-4F81-AAF6-8D851A8E1D2E} = {1F113DD0-E292-47A5-8EFF-3FB5D0869BF3}
		{8E7279F8-F801-4672-B42F-1ED2C68B16A4} = {E048D213-B3B9-453F-9A41-29FDEB0D496B}
		{707296F9-6AEF-4548-A66D-4CF3E5795B1A} = {E048D213-B3B9-453F-9A41-29FDEB0D496B}
		{470F48FC-8520-4017-B5AC-658B7791DAA3} = {1F113DD0-E292-47A5-8EFF-3FB5D0869BF3}
		{658C140F-2E73-4E22-80A7-F05DF0A83318} = {E048D213-B3B9-453F-9A41-29FDEB0D496B}
		{F94F9E8A-E239-45EA-9C61-C7855C8B6F25} = {E048D213-B3B9-453F-9A41-29FDEB0D496B}
		{D7856971-D877-4CB1-A08C-C2A763EBFAD1} = {E048D213-B3B9-453F-9A41-29FDEB0D496B}
		{B5323A43-58C7-4006-BEEC-E315CABA3673} = {1F113DD0-E292-47A5-8EFF-3FB5D0869BF3}
		{786EEB0D-2560-4B54-949F-114836A4EB9A} = {1F113DD0-E292-47A5-8EFF-3FB5D0869BF3}
	EndGlobalSection
	GlobalSection(ExtensibilityGlobals) = postSolution
		SolutionGuid = {C138CDC5-A2A6-43BE-A1FD-9CB17F1F76C0}
	EndGlobalSection
EndGlobal
